// !$*UTF8*$!
{
	archiveVersion = 1;
	classes = {
	};
	objectVersion = 55;
	objects = {

/* Begin PBXBuildFile section */
		3F06CDB6271D79C300FFA4E9 /* CardHomePageView.swift in Sources */ = {isa = PBXBuildFile; fileRef = 3F06CDB5271D79C300FFA4E9 /* CardHomePageView.swift */; };
		3F0D2AF027284F7300B90B4D /* GroupeventHomepageViewController.swift in Sources */ = {isa = PBXBuildFile; fileRef = 3F0D2AEF27284F7300B90B4D /* GroupeventHomepageViewController.swift */; };
		3F0D2AF327285EE000B90B4D /* GroupEventCollectionViewCell.swift in Sources */ = {isa = PBXBuildFile; fileRef = 3F0D2AF227285EE000B90B4D /* GroupEventCollectionViewCell.swift */; };
		3F0D2AF62728ECED00B90B4D /* UIImageView+Extension.swift in Sources */ = {isa = PBXBuildFile; fileRef = 3F0D2AF52728ECEC00B90B4D /* UIImageView+Extension.swift */; };
		3F0D2AF82728FAC700B90B4D /* GroupEventCEPENameVC.swift in Sources */ = {isa = PBXBuildFile; fileRef = 3F0D2AF72728FAC700B90B4D /* GroupEventCEPENameVC.swift */; };
		3F0D2AFB2729267700B90B4D /* GroupEventCEPETimeVC.swift in Sources */ = {isa = PBXBuildFile; fileRef = 3F0D2AFA2729267700B90B4D /* GroupEventCEPETimeVC.swift */; };
		3F0D2AFD2729283C00B90B4D /* GroupEventCEPELocationVC.swift in Sources */ = {isa = PBXBuildFile; fileRef = 3F0D2AFC2729283C00B90B4D /* GroupEventCEPELocationVC.swift */; };
		3F0D2AFF272929A300B90B4D /* GroupEventCEPEAoPVC.swift in Sources */ = {isa = PBXBuildFile; fileRef = 3F0D2AFE272929A200B90B4D /* GroupEventCEPEAoPVC.swift */; };
		3F0D2B0127292A4400B90B4D /* GroupEventCEPEIntroVC.swift in Sources */ = {isa = PBXBuildFile; fileRef = 3F0D2B0027292A4400B90B4D /* GroupEventCEPEIntroVC.swift */; };
		3F0D2B0327292AC300B90B4D /* UserProfileSignInViewController.swift in Sources */ = {isa = PBXBuildFile; fileRef = 3F0D2B0227292AC300B90B4D /* UserProfileSignInViewController.swift */; };
		3F0D2B0527292EDF00B90B4D /* UIViewController+Extension.swift in Sources */ = {isa = PBXBuildFile; fileRef = 3F0D2B0427292EDF00B90B4D /* UIViewController+Extension.swift */; };
		3F0D2B0727293FD400B90B4D /* UIView+Extension.swift in Sources */ = {isa = PBXBuildFile; fileRef = 3F0D2B0627293FD400B90B4D /* UIView+Extension.swift */; };
		3F0D2B092729783200B90B4D /* GroupEventCEPFEPVC.swift in Sources */ = {isa = PBXBuildFile; fileRef = 3F0D2B082729783200B90B4D /* GroupEventCEPFEPVC.swift */; };
		3F0D2B0E2729AAB400B90B4D /* GEDetailPageCell.swift in Sources */ = {isa = PBXBuildFile; fileRef = 3F0D2B0D2729AAB400B90B4D /* GEDetailPageCell.swift */; };
		3F0D2B10272AF91300B90B4D /* GroupEvent.swift in Sources */ = {isa = PBXBuildFile; fileRef = 3F0D2B0F272AF91300B90B4D /* GroupEvent.swift */; };
		3F0D2B13272B9CE100B90B4D /* Firebase+UserInfo.swift in Sources */ = {isa = PBXBuildFile; fileRef = 3F0D2B12272B9CE100B90B4D /* Firebase+UserInfo.swift */; };
		3F0D2B15272B9CFE00B90B4D /* Firebase+ChatRoomList.swift in Sources */ = {isa = PBXBuildFile; fileRef = 3F0D2B14272B9CFE00B90B4D /* Firebase+ChatRoomList.swift */; };
		3F0D2B17272B9D2C00B90B4D /* Firebase+GroupEvent.swift in Sources */ = {isa = PBXBuildFile; fileRef = 3F0D2B16272B9D2C00B90B4D /* Firebase+GroupEvent.swift */; };
		3F0D2B19272B9D4E00B90B4D /* Firebase+ScalingCard.swift in Sources */ = {isa = PBXBuildFile; fileRef = 3F0D2B18272B9D4E00B90B4D /* Firebase+ScalingCard.swift */; };
		3F225404272E7F950002F135 /* GroupEventDetailPageViewController.swift in Sources */ = {isa = PBXBuildFile; fileRef = 3F225403272E7F940002F135 /* GroupEventDetailPageViewController.swift */; };
		3F225406272EE7AC0002F135 /* ProfilePageViewController.swift in Sources */ = {isa = PBXBuildFile; fileRef = 3F225405272EE7AC0002F135 /* ProfilePageViewController.swift */; };
		3F225409272EED740002F135 /* 72933-likelove-icon-micro-interaction.json in Resources */ = {isa = PBXBuildFile; fileRef = 3F225408272EED730002F135 /* 72933-likelove-icon-micro-interaction.json */; };
		3F22540F273106220002F135 /* ApplyList.swift in Sources */ = {isa = PBXBuildFile; fileRef = 3F22540E273106220002F135 /* ApplyList.swift */; };
		3F22541227325A410002F135 /* NotificationViewController.swift in Sources */ = {isa = PBXBuildFile; fileRef = 3F22541127325A410002F135 /* NotificationViewController.swift */; };
		3F22541527325AA60002F135 /* NotificationTableViewCell.swift in Sources */ = {isa = PBXBuildFile; fileRef = 3F22541427325AA50002F135 /* NotificationTableViewCell.swift */; };
		3F22541727325B5A0002F135 /* publicCommentViewController.swift in Sources */ = {isa = PBXBuildFile; fileRef = 3F22541627325B5A0002F135 /* publicCommentViewController.swift */; };
		3F22541A27325C200002F135 /* privateCommentViewController.swift in Sources */ = {isa = PBXBuildFile; fileRef = 3F22541927325C200002F135 /* privateCommentViewController.swift */; };
		3F22541E27327B340002F135 /* PublicCommentFooterView.swift in Sources */ = {isa = PBXBuildFile; fileRef = 3F22541D27327B340002F135 /* PublicCommentFooterView.swift */; };
		3F2254242732E90D0002F135 /* GEPCommentCell.swift in Sources */ = {isa = PBXBuildFile; fileRef = 3F2254232732E90D0002F135 /* GEPCommentCell.swift */; };
		3F2254262732EE370002F135 /* GEPrivateCommentCell.swift in Sources */ = {isa = PBXBuildFile; fileRef = 3F2254252732EE370002F135 /* GEPrivateCommentCell.swift */; };
		3F2254282732EEAC0002F135 /* PrivateCommentFooterView.swift in Sources */ = {isa = PBXBuildFile; fileRef = 3F2254272732EEAC0002F135 /* PrivateCommentFooterView.swift */; };
		3F22542A2733B8460002F135 /* DateClass.swift in Sources */ = {isa = PBXBuildFile; fileRef = 3F2254292733B8460002F135 /* DateClass.swift */; };
		3F22542C2734D23B0002F135 /* SignInViewContoller.swift in Sources */ = {isa = PBXBuildFile; fileRef = 3F22542B2734D23B0002F135 /* SignInViewContoller.swift */; };
		3F2254302734E61F0002F135 /* UserProfileSignInTableViewCell.swift in Sources */ = {isa = PBXBuildFile; fileRef = 3F22542F2734E61F0002F135 /* UserProfileSignInTableViewCell.swift */; };
		3F387824271FE0A300203DD6 /* UserInfo.swift in Sources */ = {isa = PBXBuildFile; fileRef = 3F387823271FE0A300203DD6 /* UserInfo.swift */; };
		3F387826271FE84F00203DD6 /* GoogleService-Info.plist in Resources */ = {isa = PBXBuildFile; fileRef = 3F387825271FE84F00203DD6 /* GoogleService-Info.plist */; };
		3F387828271FF02200203DD6 /* ScalingCard.swift in Sources */ = {isa = PBXBuildFile; fileRef = 3F387827271FF02200203DD6 /* ScalingCard.swift */; };
		3F38782A271FF7BB00203DD6 /* Firebase.swift in Sources */ = {isa = PBXBuildFile; fileRef = 3F387829271FF7BB00203DD6 /* Firebase.swift */; };
		3F38782C27219A5500203DD6 /* CardInfoLabel.swift in Sources */ = {isa = PBXBuildFile; fileRef = 3F38782B27219A5500203DD6 /* CardInfoLabel.swift */; };
		3F38782E27219F2A00203DD6 /* CardImageView.swift in Sources */ = {isa = PBXBuildFile; fileRef = 3F38782D27219F2A00203DD6 /* CardImageView.swift */; };
		3F75400D271D1EA800F9092E /* AppDelegate.swift in Sources */ = {isa = PBXBuildFile; fileRef = 3F75400C271D1EA800F9092E /* AppDelegate.swift */; };
		3F75400F271D1EA800F9092E /* SceneDelegate.swift in Sources */ = {isa = PBXBuildFile; fileRef = 3F75400E271D1EA800F9092E /* SceneDelegate.swift */; };
		3F754011271D1EA800F9092E /* CardPageViewController.swift in Sources */ = {isa = PBXBuildFile; fileRef = 3F754010271D1EA800F9092E /* CardPageViewController.swift */; };
		3F754014271D1EA800F9092E /* Main.storyboard in Resources */ = {isa = PBXBuildFile; fileRef = 3F754012271D1EA800F9092E /* Main.storyboard */; };
		3F754016271D1EAB00F9092E /* Assets.xcassets in Resources */ = {isa = PBXBuildFile; fileRef = 3F754015271D1EAB00F9092E /* Assets.xcassets */; };
		3F754019271D1EAB00F9092E /* LaunchScreen.storyboard in Resources */ = {isa = PBXBuildFile; fileRef = 3F754017271D1EAB00F9092E /* LaunchScreen.storyboard */; };
		3F754022271D556400F9092E /* UIColor+Extension.swift in Sources */ = {isa = PBXBuildFile; fileRef = 3F754021271D556400F9092E /* UIColor+Extension.swift */; };
		3F754025271D66DB00F9092E /* UIFont+Extension.swift in Sources */ = {isa = PBXBuildFile; fileRef = 3F754024271D66DA00F9092E /* UIFont+Extension.swift */; };
		3F754027271D671200F9092E /* Int+Extension.swift in Sources */ = {isa = PBXBuildFile; fileRef = 3F754026271D671200F9092E /* Int+Extension.swift */; };
		3F754029271D672600F9092E /* UIScreen+Extension.swift in Sources */ = {isa = PBXBuildFile; fileRef = 3F754028271D672600F9092E /* UIScreen+Extension.swift */; };
		3F7EED3F271E968D00DF151F /* TabBarViewController.swift in Sources */ = {isa = PBXBuildFile; fileRef = 3F7EED3E271E968D00DF151F /* TabBarViewController.swift */; };
		3F9547AE2722D360004E8249 /* ChatroomlistViewController.swift in Sources */ = {isa = PBXBuildFile; fileRef = 3F9547AD2722D360004E8249 /* ChatroomlistViewController.swift */; };
		3F9547B02722D72F004E8249 /* UITextField+Extension.swift in Sources */ = {isa = PBXBuildFile; fileRef = 3F9547AF2722D72F004E8249 /* UITextField+Extension.swift */; };
		3FB49E6A2724177B00B9809D /* ChatRoomViewController.swift in Sources */ = {isa = PBXBuildFile; fileRef = 3FB49E692724177B00B9809D /* ChatRoomViewController.swift */; };
		3FB49E6C27241A0100B9809D /* ChatRoomTableViewCell.swift in Sources */ = {isa = PBXBuildFile; fileRef = 3FB49E6B27241A0100B9809D /* ChatRoomTableViewCell.swift */; };
		3FB49E6E2724375400B9809D /* NewConversationViewController.swift in Sources */ = {isa = PBXBuildFile; fileRef = 3FB49E6D2724375400B9809D /* NewConversationViewController.swift */; };
		3FB49E7027245F5A00B9809D /* PhotoViewerViewController.swift in Sources */ = {isa = PBXBuildFile; fileRef = 3FB49E6F27245F5A00B9809D /* PhotoViewerViewController.swift */; };
		3FB49E7427255C4300B9809D /* ChatroomListTableViewCell.swift in Sources */ = {isa = PBXBuildFile; fileRef = 3FB49E7327255C4300B9809D /* ChatroomListTableViewCell.swift */; };
		3FD82C63272686260055C33E /* ChatRoomList.swift in Sources */ = {isa = PBXBuildFile; fileRef = 3FD82C62272686260055C33E /* ChatRoomList.swift */; };
		3FF3676727228A8D00F36D74 /* CardView.swift in Sources */ = {isa = PBXBuildFile; fileRef = 3FF3676627228A8D00F36D74 /* CardView.swift */; };
		D6596438BAECDA55039469BE /* Pods_Roland.framework in Frameworks */ = {isa = PBXBuildFile; fileRef = 92FC399651CC73F0254EBF7B /* Pods_Roland.framework */; };
/* End PBXBuildFile section */

/* Begin PBXFileReference section */
		3F06CDB5271D79C300FFA4E9 /* CardHomePageView.swift */ = {isa = PBXFileReference; lastKnownFileType = sourcecode.swift; name = CardHomePageView.swift; path = Roland/View/CardPage/CardHomePageView.swift; sourceTree = SOURCE_ROOT; };
		3F0D2AEF27284F7300B90B4D /* GroupeventHomepageViewController.swift */ = {isa = PBXFileReference; fileEncoding = 4; lastKnownFileType = sourcecode.swift; path = GroupeventHomepageViewController.swift; sourceTree = "<group>"; };
		3F0D2AF227285EE000B90B4D /* GroupEventCollectionViewCell.swift */ = {isa = PBXFileReference; lastKnownFileType = sourcecode.swift; name = GroupEventCollectionViewCell.swift; path = Roland/View/GroupEventHomePage/GroupEventCollectionViewCell.swift; sourceTree = SOURCE_ROOT; };
		3F0D2AF52728ECEC00B90B4D /* UIImageView+Extension.swift */ = {isa = PBXFileReference; lastKnownFileType = sourcecode.swift; path = "UIImageView+Extension.swift"; sourceTree = "<group>"; };
		3F0D2AF72728FAC700B90B4D /* GroupEventCEPENameVC.swift */ = {isa = PBXFileReference; lastKnownFileType = sourcecode.swift; path = GroupEventCEPENameVC.swift; sourceTree = "<group>"; };
		3F0D2AFA2729267700B90B4D /* GroupEventCEPETimeVC.swift */ = {isa = PBXFileReference; lastKnownFileType = sourcecode.swift; path = GroupEventCEPETimeVC.swift; sourceTree = "<group>"; };
		3F0D2AFC2729283C00B90B4D /* GroupEventCEPELocationVC.swift */ = {isa = PBXFileReference; lastKnownFileType = sourcecode.swift; path = GroupEventCEPELocationVC.swift; sourceTree = "<group>"; };
		3F0D2AFE272929A200B90B4D /* GroupEventCEPEAoPVC.swift */ = {isa = PBXFileReference; lastKnownFileType = sourcecode.swift; path = GroupEventCEPEAoPVC.swift; sourceTree = "<group>"; };
		3F0D2B0027292A4400B90B4D /* GroupEventCEPEIntroVC.swift */ = {isa = PBXFileReference; lastKnownFileType = sourcecode.swift; path = GroupEventCEPEIntroVC.swift; sourceTree = "<group>"; };
		3F0D2B0227292AC300B90B4D /* UserProfileSignInViewController.swift */ = {isa = PBXFileReference; lastKnownFileType = sourcecode.swift; path = UserProfileSignInViewController.swift; sourceTree = "<group>"; };
		3F0D2B0427292EDF00B90B4D /* UIViewController+Extension.swift */ = {isa = PBXFileReference; lastKnownFileType = sourcecode.swift; path = "UIViewController+Extension.swift"; sourceTree = "<group>"; };
		3F0D2B0627293FD400B90B4D /* UIView+Extension.swift */ = {isa = PBXFileReference; lastKnownFileType = sourcecode.swift; path = "UIView+Extension.swift"; sourceTree = "<group>"; };
		3F0D2B082729783200B90B4D /* GroupEventCEPFEPVC.swift */ = {isa = PBXFileReference; lastKnownFileType = sourcecode.swift; path = GroupEventCEPFEPVC.swift; sourceTree = "<group>"; };
		3F0D2B0D2729AAB400B90B4D /* GEDetailPageCell.swift */ = {isa = PBXFileReference; lastKnownFileType = sourcecode.swift; path = GEDetailPageCell.swift; sourceTree = "<group>"; };
		3F0D2B0F272AF91300B90B4D /* GroupEvent.swift */ = {isa = PBXFileReference; lastKnownFileType = sourcecode.swift; path = GroupEvent.swift; sourceTree = "<group>"; };
		3F0D2B12272B9CE100B90B4D /* Firebase+UserInfo.swift */ = {isa = PBXFileReference; lastKnownFileType = sourcecode.swift; path = "Firebase+UserInfo.swift"; sourceTree = "<group>"; };
		3F0D2B14272B9CFE00B90B4D /* Firebase+ChatRoomList.swift */ = {isa = PBXFileReference; lastKnownFileType = sourcecode.swift; path = "Firebase+ChatRoomList.swift"; sourceTree = "<group>"; };
		3F0D2B16272B9D2C00B90B4D /* Firebase+GroupEvent.swift */ = {isa = PBXFileReference; lastKnownFileType = sourcecode.swift; path = "Firebase+GroupEvent.swift"; sourceTree = "<group>"; };
		3F0D2B18272B9D4E00B90B4D /* Firebase+ScalingCard.swift */ = {isa = PBXFileReference; lastKnownFileType = sourcecode.swift; path = "Firebase+ScalingCard.swift"; sourceTree = "<group>"; };
		3F225403272E7F940002F135 /* GroupEventDetailPageViewController.swift */ = {isa = PBXFileReference; lastKnownFileType = sourcecode.swift; path = GroupEventDetailPageViewController.swift; sourceTree = "<group>"; };
		3F225405272EE7AC0002F135 /* ProfilePageViewController.swift */ = {isa = PBXFileReference; fileEncoding = 4; lastKnownFileType = sourcecode.swift; path = ProfilePageViewController.swift; sourceTree = "<group>"; };
		3F225408272EED730002F135 /* 72933-likelove-icon-micro-interaction.json */ = {isa = PBXFileReference; fileEncoding = 4; lastKnownFileType = text.json; path = "72933-likelove-icon-micro-interaction.json"; sourceTree = "<group>"; };
		3F22540E273106220002F135 /* ApplyList.swift */ = {isa = PBXFileReference; lastKnownFileType = sourcecode.swift; path = ApplyList.swift; sourceTree = "<group>"; };
		3F22541127325A410002F135 /* NotificationViewController.swift */ = {isa = PBXFileReference; fileEncoding = 4; lastKnownFileType = sourcecode.swift; path = NotificationViewController.swift; sourceTree = "<group>"; };
		3F22541427325AA50002F135 /* NotificationTableViewCell.swift */ = {isa = PBXFileReference; fileEncoding = 4; lastKnownFileType = sourcecode.swift; path = NotificationTableViewCell.swift; sourceTree = "<group>"; };
		3F22541627325B5A0002F135 /* publicCommentViewController.swift */ = {isa = PBXFileReference; fileEncoding = 4; lastKnownFileType = sourcecode.swift; path = publicCommentViewController.swift; sourceTree = "<group>"; };
		3F22541927325C200002F135 /* privateCommentViewController.swift */ = {isa = PBXFileReference; lastKnownFileType = sourcecode.swift; path = privateCommentViewController.swift; sourceTree = "<group>"; };
		3F22541D27327B340002F135 /* PublicCommentFooterView.swift */ = {isa = PBXFileReference; lastKnownFileType = sourcecode.swift; path = PublicCommentFooterView.swift; sourceTree = "<group>"; };
		3F2254232732E90D0002F135 /* GEPCommentCell.swift */ = {isa = PBXFileReference; fileEncoding = 4; lastKnownFileType = sourcecode.swift; path = GEPCommentCell.swift; sourceTree = "<group>"; };
		3F2254252732EE370002F135 /* GEPrivateCommentCell.swift */ = {isa = PBXFileReference; lastKnownFileType = sourcecode.swift; path = GEPrivateCommentCell.swift; sourceTree = "<group>"; };
		3F2254272732EEAC0002F135 /* PrivateCommentFooterView.swift */ = {isa = PBXFileReference; lastKnownFileType = sourcecode.swift; path = PrivateCommentFooterView.swift; sourceTree = "<group>"; };
		3F2254292733B8460002F135 /* DateClass.swift */ = {isa = PBXFileReference; lastKnownFileType = sourcecode.swift; name = DateClass.swift; path = Roland/Extension/DateClass.swift; sourceTree = SOURCE_ROOT; };
		3F22542B2734D23B0002F135 /* SignInViewContoller.swift */ = {isa = PBXFileReference; lastKnownFileType = sourcecode.swift; path = SignInViewContoller.swift; sourceTree = "<group>"; };
		3F22542E2734D8BB0002F135 /* Roland.entitlements */ = {isa = PBXFileReference; lastKnownFileType = text.plist.entitlements; path = Roland.entitlements; sourceTree = "<group>"; };
		3F22542F2734E61F0002F135 /* UserProfileSignInTableViewCell.swift */ = {isa = PBXFileReference; lastKnownFileType = sourcecode.swift; name = UserProfileSignInTableViewCell.swift; path = Roland/View/UserProfileSignInTableViewCell.swift; sourceTree = SOURCE_ROOT; };
		3F387823271FE0A300203DD6 /* UserInfo.swift */ = {isa = PBXFileReference; lastKnownFileType = sourcecode.swift; path = UserInfo.swift; sourceTree = "<group>"; };
		3F387825271FE84F00203DD6 /* GoogleService-Info.plist */ = {isa = PBXFileReference; fileEncoding = 4; lastKnownFileType = text.plist.xml; path = "GoogleService-Info.plist"; sourceTree = "<group>"; };
		3F387827271FF02200203DD6 /* ScalingCard.swift */ = {isa = PBXFileReference; lastKnownFileType = sourcecode.swift; path = ScalingCard.swift; sourceTree = "<group>"; };
		3F387829271FF7BB00203DD6 /* Firebase.swift */ = {isa = PBXFileReference; lastKnownFileType = sourcecode.swift; path = Firebase.swift; sourceTree = "<group>"; };
		3F38782B27219A5500203DD6 /* CardInfoLabel.swift */ = {isa = PBXFileReference; lastKnownFileType = sourcecode.swift; path = CardInfoLabel.swift; sourceTree = "<group>"; };
		3F38782D27219F2A00203DD6 /* CardImageView.swift */ = {isa = PBXFileReference; lastKnownFileType = sourcecode.swift; path = CardImageView.swift; sourceTree = "<group>"; };
		3F754009271D1EA800F9092E /* Roland.app */ = {isa = PBXFileReference; explicitFileType = wrapper.application; includeInIndex = 0; path = Roland.app; sourceTree = BUILT_PRODUCTS_DIR; };
		3F75400C271D1EA800F9092E /* AppDelegate.swift */ = {isa = PBXFileReference; lastKnownFileType = sourcecode.swift; path = AppDelegate.swift; sourceTree = "<group>"; };
		3F75400E271D1EA800F9092E /* SceneDelegate.swift */ = {isa = PBXFileReference; lastKnownFileType = sourcecode.swift; path = SceneDelegate.swift; sourceTree = "<group>"; };
		3F754010271D1EA800F9092E /* CardPageViewController.swift */ = {isa = PBXFileReference; lastKnownFileType = sourcecode.swift; path = CardPageViewController.swift; sourceTree = "<group>"; };
		3F754013271D1EA800F9092E /* Base */ = {isa = PBXFileReference; lastKnownFileType = file.storyboard; name = Base; path = Base.lproj/Main.storyboard; sourceTree = "<group>"; };
		3F754015271D1EAB00F9092E /* Assets.xcassets */ = {isa = PBXFileReference; lastKnownFileType = folder.assetcatalog; path = Assets.xcassets; sourceTree = "<group>"; };
		3F754018271D1EAB00F9092E /* Base */ = {isa = PBXFileReference; lastKnownFileType = file.storyboard; name = Base; path = Base.lproj/LaunchScreen.storyboard; sourceTree = "<group>"; };
		3F75401A271D1EAB00F9092E /* Info.plist */ = {isa = PBXFileReference; lastKnownFileType = text.plist.xml; path = Info.plist; sourceTree = "<group>"; };
		3F754021271D556400F9092E /* UIColor+Extension.swift */ = {isa = PBXFileReference; lastKnownFileType = sourcecode.swift; path = "UIColor+Extension.swift"; sourceTree = "<group>"; };
		3F754024271D66DA00F9092E /* UIFont+Extension.swift */ = {isa = PBXFileReference; lastKnownFileType = sourcecode.swift; path = "UIFont+Extension.swift"; sourceTree = "<group>"; };
		3F754026271D671200F9092E /* Int+Extension.swift */ = {isa = PBXFileReference; lastKnownFileType = sourcecode.swift; path = "Int+Extension.swift"; sourceTree = "<group>"; };
		3F754028271D672600F9092E /* UIScreen+Extension.swift */ = {isa = PBXFileReference; lastKnownFileType = sourcecode.swift; path = "UIScreen+Extension.swift"; sourceTree = "<group>"; };
		3F7EED3E271E968D00DF151F /* TabBarViewController.swift */ = {isa = PBXFileReference; lastKnownFileType = sourcecode.swift; path = TabBarViewController.swift; sourceTree = "<group>"; };
		3F9547AD2722D360004E8249 /* ChatroomlistViewController.swift */ = {isa = PBXFileReference; fileEncoding = 4; lastKnownFileType = sourcecode.swift; path = ChatroomlistViewController.swift; sourceTree = "<group>"; };
		3F9547AF2722D72F004E8249 /* UITextField+Extension.swift */ = {isa = PBXFileReference; lastKnownFileType = sourcecode.swift; path = "UITextField+Extension.swift"; sourceTree = "<group>"; };
		3FB49E692724177B00B9809D /* ChatRoomViewController.swift */ = {isa = PBXFileReference; lastKnownFileType = sourcecode.swift; path = ChatRoomViewController.swift; sourceTree = "<group>"; };
		3FB49E6B27241A0100B9809D /* ChatRoomTableViewCell.swift */ = {isa = PBXFileReference; lastKnownFileType = sourcecode.swift; path = ChatRoomTableViewCell.swift; sourceTree = "<group>"; };
		3FB49E6D2724375400B9809D /* NewConversationViewController.swift */ = {isa = PBXFileReference; lastKnownFileType = sourcecode.swift; name = NewConversationViewController.swift; path = Roland/Controller/ChatroomlistPage/NewConversationViewController.swift; sourceTree = SOURCE_ROOT; };
		3FB49E6F27245F5A00B9809D /* PhotoViewerViewController.swift */ = {isa = PBXFileReference; lastKnownFileType = sourcecode.swift; path = PhotoViewerViewController.swift; sourceTree = "<group>"; };
		3FB49E7327255C4300B9809D /* ChatroomListTableViewCell.swift */ = {isa = PBXFileReference; lastKnownFileType = sourcecode.swift; path = ChatroomListTableViewCell.swift; sourceTree = "<group>"; };
		3FD82C62272686260055C33E /* ChatRoomList.swift */ = {isa = PBXFileReference; lastKnownFileType = sourcecode.swift; path = ChatRoomList.swift; sourceTree = "<group>"; };
		3FF3676627228A8D00F36D74 /* CardView.swift */ = {isa = PBXFileReference; lastKnownFileType = sourcecode.swift; path = CardView.swift; sourceTree = "<group>"; };
		8A7DA42E786D98BD14C5D2F8 /* Pods-Roland.debug.xcconfig */ = {isa = PBXFileReference; includeInIndex = 1; lastKnownFileType = text.xcconfig; name = "Pods-Roland.debug.xcconfig"; path = "Target Support Files/Pods-Roland/Pods-Roland.debug.xcconfig"; sourceTree = "<group>"; };
		92FC399651CC73F0254EBF7B /* Pods_Roland.framework */ = {isa = PBXFileReference; explicitFileType = wrapper.framework; includeInIndex = 0; path = Pods_Roland.framework; sourceTree = BUILT_PRODUCTS_DIR; };
		BAD7F5BDB85EF8B57F1EA229 /* Pods-Roland.release.xcconfig */ = {isa = PBXFileReference; includeInIndex = 1; lastKnownFileType = text.xcconfig; name = "Pods-Roland.release.xcconfig"; path = "Target Support Files/Pods-Roland/Pods-Roland.release.xcconfig"; sourceTree = "<group>"; };
/* End PBXFileReference section */

/* Begin PBXFrameworksBuildPhase section */
		3F754006271D1EA800F9092E /* Frameworks */ = {
			isa = PBXFrameworksBuildPhase;
			buildActionMask = 2147483647;
			files = (
				D6596438BAECDA55039469BE /* Pods_Roland.framework in Frameworks */,
			);
			runOnlyForDeploymentPostprocessing = 0;
		};
/* End PBXFrameworksBuildPhase section */

/* Begin PBXGroup section */
		3F06CDB1271D773000FFA4E9 /* Controller */ = {
			isa = PBXGroup;
			children = (
				3F22542D2734D24D0002F135 /* SignInPage */,
				3F22541827325BE00002F135 /* GroupEventCommentPage */,
				3F225410273259BC0002F135 /* NotificationPage */,
				3F225407272EE7BB0002F135 /* ProfilePage */,
				3F225400272E770A0002F135 /* GroupEventDetailPage */,
				3F0D2AF92728FACE00B90B4D /* GroupEventCEPage */,
				3F0D2AF127284FB400B90B4D /* GroupEventHomePage */,
				3FD82C5D27264E230055C33E /* ChatRoomPage */,
				3F9547AC2722D34E004E8249 /* ChatroomlistPage */,
				3F06CDB2271D774700FFA4E9 /* CardPage */,
				3F7EED40271E969F00DF151F /* TabBar */,
			);
			path = Controller;
			sourceTree = "<group>";
		};
		3F06CDB2271D774700FFA4E9 /* CardPage */ = {
			isa = PBXGroup;
			children = (
				3F754010271D1EA800F9092E /* CardPageViewController.swift */,
			);
			path = CardPage;
			sourceTree = "<group>";
		};
		3F06CDB3271D77B400FFA4E9 /* View */ = {
			isa = PBXGroup;
			children = (
				3F22542F2734E61F0002F135 /* UserProfileSignInTableViewCell.swift */,
				3F22541327325A870002F135 /* NotificationPage */,
				3F2254222732E89C0002F135 /* GEPrivateCommentPage */,
				3F22541F2732E8440002F135 /* GEPubCommentPage */,
				3F225402272E7F310002F135 /* GroupEventDetailPage */,
				3F0D2B0C2729A8F900B90B4D /* GroupEventFEPage */,
				3F0D2AF427285EF600B90B4D /* GroupEventHomePage */,
				3FD82C6527271A410055C33E /* ChatroomlistPage */,
				3FD82C64272719E90055C33E /* ChatRoomPage */,
				3F06CDB4271D77BD00FFA4E9 /* CardPage */,
			);
			path = View;
			sourceTree = "<group>";
		};
		3F06CDB4271D77BD00FFA4E9 /* CardPage */ = {
			isa = PBXGroup;
			children = (
				3F06CDB5271D79C300FFA4E9 /* CardHomePageView.swift */,
				3F38782B27219A5500203DD6 /* CardInfoLabel.swift */,
				3F38782D27219F2A00203DD6 /* CardImageView.swift */,
				3FF3676627228A8D00F36D74 /* CardView.swift */,
			);
			path = CardPage;
			sourceTree = "<group>";
		};
		3F0D2AF127284FB400B90B4D /* GroupEventHomePage */ = {
			isa = PBXGroup;
			children = (
				3F0D2AEF27284F7300B90B4D /* GroupeventHomepageViewController.swift */,
			);
			path = GroupEventHomePage;
			sourceTree = "<group>";
		};
		3F0D2AF427285EF600B90B4D /* GroupEventHomePage */ = {
			isa = PBXGroup;
			children = (
				3F0D2AF227285EE000B90B4D /* GroupEventCollectionViewCell.swift */,
			);
			path = GroupEventHomePage;
			sourceTree = "<group>";
		};
		3F0D2AF92728FACE00B90B4D /* GroupEventCEPage */ = {
			isa = PBXGroup;
			children = (
				3F0D2B082729783200B90B4D /* GroupEventCEPFEPVC.swift */,
				3F0D2B0027292A4400B90B4D /* GroupEventCEPEIntroVC.swift */,
				3F0D2AFE272929A200B90B4D /* GroupEventCEPEAoPVC.swift */,
				3F0D2AFC2729283C00B90B4D /* GroupEventCEPELocationVC.swift */,
				3F0D2AFA2729267700B90B4D /* GroupEventCEPETimeVC.swift */,
				3F0D2AF72728FAC700B90B4D /* GroupEventCEPENameVC.swift */,
			);
			path = GroupEventCEPage;
			sourceTree = "<group>";
		};
		3F0D2B0C2729A8F900B90B4D /* GroupEventFEPage */ = {
			isa = PBXGroup;
			children = (
				3F0D2B0D2729AAB400B90B4D /* GEDetailPageCell.swift */,
			);
			path = GroupEventFEPage;
			sourceTree = "<group>";
		};
		3F0D2B11272B9CA000B90B4D /* FirebaseManger */ = {
			isa = PBXGroup;
			children = (
				3F0D2B16272B9D2C00B90B4D /* Firebase+GroupEvent.swift */,
				3F0D2B14272B9CFE00B90B4D /* Firebase+ChatRoomList.swift */,
				3F0D2B18272B9D4E00B90B4D /* Firebase+ScalingCard.swift */,
				3F0D2B12272B9CE100B90B4D /* Firebase+UserInfo.swift */,
				3F387829271FF7BB00203DD6 /* Firebase.swift */,
			);
			path = FirebaseManger;
			sourceTree = "<group>";
		};
		3F225400272E770A0002F135 /* GroupEventDetailPage */ = {
			isa = PBXGroup;
			children = (
				3F225403272E7F940002F135 /* GroupEventDetailPageViewController.swift */,
			);
			path = GroupEventDetailPage;
			sourceTree = "<group>";
		};
		3F225402272E7F310002F135 /* GroupEventDetailPage */ = {
			isa = PBXGroup;
			children = (
			);
			path = GroupEventDetailPage;
			sourceTree = "<group>";
		};
		3F225407272EE7BB0002F135 /* ProfilePage */ = {
			isa = PBXGroup;
			children = (
				3F225405272EE7AC0002F135 /* ProfilePageViewController.swift */,
			);
			path = ProfilePage;
			sourceTree = "<group>";
		};
		3F225410273259BC0002F135 /* NotificationPage */ = {
			isa = PBXGroup;
			children = (
				3F22541127325A410002F135 /* NotificationViewController.swift */,
			);
			path = NotificationPage;
			sourceTree = "<group>";
		};
		3F22541327325A870002F135 /* NotificationPage */ = {
			isa = PBXGroup;
			children = (
				3F22541427325AA50002F135 /* NotificationTableViewCell.swift */,
			);
			path = NotificationPage;
			sourceTree = "<group>";
		};
		3F22541827325BE00002F135 /* GroupEventCommentPage */ = {
			isa = PBXGroup;
			children = (
				3F22541627325B5A0002F135 /* publicCommentViewController.swift */,
				3F22541927325C200002F135 /* privateCommentViewController.swift */,
			);
			path = GroupEventCommentPage;
			sourceTree = "<group>";
		};
		3F22541F2732E8440002F135 /* GEPubCommentPage */ = {
			isa = PBXGroup;
			children = (
				3F22541D27327B340002F135 /* PublicCommentFooterView.swift */,
				3F2254232732E90D0002F135 /* GEPCommentCell.swift */,
			);
			path = GEPubCommentPage;
			sourceTree = "<group>";
		};
		3F2254222732E89C0002F135 /* GEPrivateCommentPage */ = {
			isa = PBXGroup;
			children = (
				3F2254272732EEAC0002F135 /* PrivateCommentFooterView.swift */,
				3F2254252732EE370002F135 /* GEPrivateCommentCell.swift */,
			);
			path = GEPrivateCommentPage;
			sourceTree = "<group>";
		};
		3F22542D2734D24D0002F135 /* SignInPage */ = {
			isa = PBXGroup;
			children = (
				3F22542B2734D23B0002F135 /* SignInViewContoller.swift */,
				3F0D2B0227292AC300B90B4D /* UserProfileSignInViewController.swift */,
			);
			path = SignInPage;
			sourceTree = "<group>";
		};
		3F387822271FE00E00203DD6 /* Model */ = {
			isa = PBXGroup;
			children = (
				3F0D2B0F272AF91300B90B4D /* GroupEvent.swift */,
				3F22540E273106220002F135 /* ApplyList.swift */,
				3FD82C62272686260055C33E /* ChatRoomList.swift */,
				3F387827271FF02200203DD6 /* ScalingCard.swift */,
				3F387823271FE0A300203DD6 /* UserInfo.swift */,
			);
			path = Model;
			sourceTree = "<group>";
		};
		3F754000271D1EA800F9092E = {
			isa = PBXGroup;
			children = (
				3F75400B271D1EA800F9092E /* Roland */,
				3F75400A271D1EA800F9092E /* Products */,
				B51E1687DB693E9125EB279D /* Pods */,
				67F32BDEF799B5BF57797722 /* Frameworks */,
			);
			sourceTree = "<group>";
		};
		3F75400A271D1EA800F9092E /* Products */ = {
			isa = PBXGroup;
			children = (
				3F754009271D1EA800F9092E /* Roland.app */,
			);
			name = Products;
			sourceTree = "<group>";
		};
		3F75400B271D1EA800F9092E /* Roland */ = {
			isa = PBXGroup;
			children = (
				3F22542E2734D8BB0002F135 /* Roland.entitlements */,
				3F225408272EED730002F135 /* 72933-likelove-icon-micro-interaction.json */,
				3F75400C271D1EA800F9092E /* AppDelegate.swift */,
				3F75400E271D1EA800F9092E /* SceneDelegate.swift */,
				3F754023271D557300F9092E /* Extension */,
				3F0D2B11272B9CA000B90B4D /* FirebaseManger */,
				3F387822271FE00E00203DD6 /* Model */,
				3F06CDB1271D773000FFA4E9 /* Controller */,
				3F06CDB3271D77B400FFA4E9 /* View */,
				3F754012271D1EA800F9092E /* Main.storyboard */,
				3F754015271D1EAB00F9092E /* Assets.xcassets */,
				3F754017271D1EAB00F9092E /* LaunchScreen.storyboard */,
				3F75401A271D1EAB00F9092E /* Info.plist */,
				3F387825271FE84F00203DD6 /* GoogleService-Info.plist */,
			);
			path = Roland;
			sourceTree = "<group>";
		};
		3F754023271D557300F9092E /* Extension */ = {
			isa = PBXGroup;
			children = (
				3F754026271D671200F9092E /* Int+Extension.swift */,
				3F0D2AF52728ECEC00B90B4D /* UIImageView+Extension.swift */,
				3F0D2B0427292EDF00B90B4D /* UIViewController+Extension.swift */,
				3F0D2B0627293FD400B90B4D /* UIView+Extension.swift */,
				3F754021271D556400F9092E /* UIColor+Extension.swift */,
				3F9547AF2722D72F004E8249 /* UITextField+Extension.swift */,
				3F754024271D66DA00F9092E /* UIFont+Extension.swift */,
				3F754028271D672600F9092E /* UIScreen+Extension.swift */,
				3F2254292733B8460002F135 /* DateClass.swift */,
			);
			path = Extension;
			sourceTree = "<group>";
		};
		3F7EED40271E969F00DF151F /* TabBar */ = {
			isa = PBXGroup;
			children = (
				3F7EED3E271E968D00DF151F /* TabBarViewController.swift */,
			);
			path = TabBar;
			sourceTree = "<group>";
		};
		3F9547AC2722D34E004E8249 /* ChatroomlistPage */ = {
			isa = PBXGroup;
			children = (
				3FB49E6D2724375400B9809D /* NewConversationViewController.swift */,
				3F9547AD2722D360004E8249 /* ChatroomlistViewController.swift */,
			);
			path = ChatroomlistPage;
			sourceTree = "<group>";
		};
		3FD82C5D27264E230055C33E /* ChatRoomPage */ = {
			isa = PBXGroup;
			children = (
				3FB49E692724177B00B9809D /* ChatRoomViewController.swift */,
				3FB49E6F27245F5A00B9809D /* PhotoViewerViewController.swift */,
			);
			path = ChatRoomPage;
			sourceTree = "<group>";
		};
		3FD82C64272719E90055C33E /* ChatRoomPage */ = {
			isa = PBXGroup;
			children = (
				3FB49E6B27241A0100B9809D /* ChatRoomTableViewCell.swift */,
			);
			path = ChatRoomPage;
			sourceTree = "<group>";
		};
		3FD82C6527271A410055C33E /* ChatroomlistPage */ = {
			isa = PBXGroup;
			children = (
				3FB49E7327255C4300B9809D /* ChatroomListTableViewCell.swift */,
			);
			path = ChatroomlistPage;
			sourceTree = "<group>";
		};
		67F32BDEF799B5BF57797722 /* Frameworks */ = {
			isa = PBXGroup;
			children = (
				92FC399651CC73F0254EBF7B /* Pods_Roland.framework */,
			);
			name = Frameworks;
			sourceTree = "<group>";
		};
		B51E1687DB693E9125EB279D /* Pods */ = {
			isa = PBXGroup;
			children = (
				8A7DA42E786D98BD14C5D2F8 /* Pods-Roland.debug.xcconfig */,
				BAD7F5BDB85EF8B57F1EA229 /* Pods-Roland.release.xcconfig */,
			);
			path = Pods;
			sourceTree = "<group>";
		};
/* End PBXGroup section */

/* Begin PBXNativeTarget section */
		3F754008271D1EA800F9092E /* Roland */ = {
			isa = PBXNativeTarget;
			buildConfigurationList = 3F75401D271D1EAB00F9092E /* Build configuration list for PBXNativeTarget "Roland" */;
			buildPhases = (
				671548C99FCBAF467F23EFD1 /* [CP] Check Pods Manifest.lock */,
				3F754020271D1FF500F9092E /* Run Script */,
				3F754005271D1EA800F9092E /* Sources */,
				3F754006271D1EA800F9092E /* Frameworks */,
				3F754007271D1EA800F9092E /* Resources */,
				876CE803CB6CEB4F3798724F /* [CP] Embed Pods Frameworks */,
			);
			buildRules = (
			);
			dependencies = (
			);
			name = Roland;
			productName = Roland;
			productReference = 3F754009271D1EA800F9092E /* Roland.app */;
			productType = "com.apple.product-type.application";
		};
/* End PBXNativeTarget section */

/* Begin PBXProject section */
		3F754001271D1EA800F9092E /* Project object */ = {
			isa = PBXProject;
			attributes = {
				BuildIndependentTargetsInParallel = 1;
				LastSwiftUpdateCheck = 1300;
				LastUpgradeCheck = 1300;
				TargetAttributes = {
					3F754008271D1EA800F9092E = {
						CreatedOnToolsVersion = 13.0;
					};
				};
			};
			buildConfigurationList = 3F754004271D1EA800F9092E /* Build configuration list for PBXProject "Roland" */;
			compatibilityVersion = "Xcode 13.0";
			developmentRegion = en;
			hasScannedForEncodings = 0;
			knownRegions = (
				en,
				Base,
			);
			mainGroup = 3F754000271D1EA800F9092E;
			productRefGroup = 3F75400A271D1EA800F9092E /* Products */;
			projectDirPath = "";
			projectRoot = "";
			targets = (
				3F754008271D1EA800F9092E /* Roland */,
			);
		};
/* End PBXProject section */

/* Begin PBXResourcesBuildPhase section */
		3F754007271D1EA800F9092E /* Resources */ = {
			isa = PBXResourcesBuildPhase;
			buildActionMask = 2147483647;
			files = (
				3F754019271D1EAB00F9092E /* LaunchScreen.storyboard in Resources */,
				3F225409272EED740002F135 /* 72933-likelove-icon-micro-interaction.json in Resources */,
				3F387826271FE84F00203DD6 /* GoogleService-Info.plist in Resources */,
				3F754016271D1EAB00F9092E /* Assets.xcassets in Resources */,
				3F754014271D1EA800F9092E /* Main.storyboard in Resources */,
			);
			runOnlyForDeploymentPostprocessing = 0;
		};
/* End PBXResourcesBuildPhase section */

/* Begin PBXShellScriptBuildPhase section */
		3F754020271D1FF500F9092E /* Run Script */ = {
			isa = PBXShellScriptBuildPhase;
			buildActionMask = 2147483647;
			files = (
			);
			inputFileListPaths = (
			);
			inputPaths = (
			);
			name = "Run Script";
			outputFileListPaths = (
			);
			outputPaths = (
			);
			runOnlyForDeploymentPostprocessing = 0;
			shellPath = /bin/sh;
			shellScript = "\"${PODS_ROOT}/SwiftLint/swiftlint\"\n";
		};
		671548C99FCBAF467F23EFD1 /* [CP] Check Pods Manifest.lock */ = {
			isa = PBXShellScriptBuildPhase;
			buildActionMask = 2147483647;
			files = (
			);
			inputFileListPaths = (
			);
			inputPaths = (
				"${PODS_PODFILE_DIR_PATH}/Podfile.lock",
				"${PODS_ROOT}/Manifest.lock",
			);
			name = "[CP] Check Pods Manifest.lock";
			outputFileListPaths = (
			);
			outputPaths = (
				"$(DERIVED_FILE_DIR)/Pods-Roland-checkManifestLockResult.txt",
			);
			runOnlyForDeploymentPostprocessing = 0;
			shellPath = /bin/sh;
			shellScript = "diff \"${PODS_PODFILE_DIR_PATH}/Podfile.lock\" \"${PODS_ROOT}/Manifest.lock\" > /dev/null\nif [ $? != 0 ] ; then\n    # print error to STDERR\n    echo \"error: The sandbox is not in sync with the Podfile.lock. Run 'pod install' or update your CocoaPods installation.\" >&2\n    exit 1\nfi\n# This output is used by Xcode 'outputs' to avoid re-running this script phase.\necho \"SUCCESS\" > \"${SCRIPT_OUTPUT_FILE_0}\"\n";
			showEnvVarsInLog = 0;
		};
		876CE803CB6CEB4F3798724F /* [CP] Embed Pods Frameworks */ = {
			isa = PBXShellScriptBuildPhase;
			buildActionMask = 2147483647;
			files = (
			);
			inputFileListPaths = (
				"${PODS_ROOT}/Target Support Files/Pods-Roland/Pods-Roland-frameworks-${CONFIGURATION}-input-files.xcfilelist",
			);
			name = "[CP] Embed Pods Frameworks";
			outputFileListPaths = (
				"${PODS_ROOT}/Target Support Files/Pods-Roland/Pods-Roland-frameworks-${CONFIGURATION}-output-files.xcfilelist",
			);
			runOnlyForDeploymentPostprocessing = 0;
			shellPath = /bin/sh;
			shellScript = "\"${PODS_ROOT}/Target Support Files/Pods-Roland/Pods-Roland-frameworks.sh\"\n";
			showEnvVarsInLog = 0;
		};
/* End PBXShellScriptBuildPhase section */

/* Begin PBXSourcesBuildPhase section */
		3F754005271D1EA800F9092E /* Sources */ = {
			isa = PBXSourcesBuildPhase;
			buildActionMask = 2147483647;
			files = (
				3F22541227325A410002F135 /* NotificationViewController.swift in Sources */,
				3F2254262732EE370002F135 /* GEPrivateCommentCell.swift in Sources */,
				3F754011271D1EA800F9092E /* CardPageViewController.swift in Sources */,
				3F75400D271D1EA800F9092E /* AppDelegate.swift in Sources */,
				3F0D2AF62728ECED00B90B4D /* UIImageView+Extension.swift in Sources */,
				3F0D2AF327285EE000B90B4D /* GroupEventCollectionViewCell.swift in Sources */,
				3F0D2B19272B9D4E00B90B4D /* Firebase+ScalingCard.swift in Sources */,
				3F38782E27219F2A00203DD6 /* CardImageView.swift in Sources */,
				3F75400F271D1EA800F9092E /* SceneDelegate.swift in Sources */,
				3F0D2AFD2729283C00B90B4D /* GroupEventCEPELocationVC.swift in Sources */,
				3F0D2AFF272929A300B90B4D /* GroupEventCEPEAoPVC.swift in Sources */,
				3FF3676727228A8D00F36D74 /* CardView.swift in Sources */,
				3F0D2AF027284F7300B90B4D /* GroupeventHomepageViewController.swift in Sources */,
				3F7EED3F271E968D00DF151F /* TabBarViewController.swift in Sources */,
				3F9547AE2722D360004E8249 /* ChatroomlistViewController.swift in Sources */,
				3F0D2B0527292EDF00B90B4D /* UIViewController+Extension.swift in Sources */,
				3F754027271D671200F9092E /* Int+Extension.swift in Sources */,
				3F22541727325B5A0002F135 /* publicCommentViewController.swift in Sources */,
				3F387828271FF02200203DD6 /* ScalingCard.swift in Sources */,
				3F22541A27325C200002F135 /* privateCommentViewController.swift in Sources */,
				3F0D2B17272B9D2C00B90B4D /* Firebase+GroupEvent.swift in Sources */,
				3F38782A271FF7BB00203DD6 /* Firebase.swift in Sources */,
				3FB49E6C27241A0100B9809D /* ChatRoomTableViewCell.swift in Sources */,
				3F754025271D66DB00F9092E /* UIFont+Extension.swift in Sources */,
				3F754022271D556400F9092E /* UIColor+Extension.swift in Sources */,
				3F0D2B092729783200B90B4D /* GroupEventCEPFEPVC.swift in Sources */,
				3F06CDB6271D79C300FFA4E9 /* CardHomePageView.swift in Sources */,
				3F225406272EE7AC0002F135 /* ProfilePageViewController.swift in Sources */,
				3F22542A2733B8460002F135 /* DateClass.swift in Sources */,
				3F387824271FE0A300203DD6 /* UserInfo.swift in Sources */,
				3F225404272E7F950002F135 /* GroupEventDetailPageViewController.swift in Sources */,
				3F22541527325AA60002F135 /* NotificationTableViewCell.swift in Sources */,
				3F38782C27219A5500203DD6 /* CardInfoLabel.swift in Sources */,
				3F0D2B0327292AC300B90B4D /* UserProfileSignInViewController.swift in Sources */,
				3FB49E7427255C4300B9809D /* ChatroomListTableViewCell.swift in Sources */,
				3F0D2B15272B9CFE00B90B4D /* Firebase+ChatRoomList.swift in Sources */,
				3F0D2B13272B9CE100B90B4D /* Firebase+UserInfo.swift in Sources */,
				3F2254302734E61F0002F135 /* UserProfileSignInTableViewCell.swift in Sources */,
				3F0D2B0727293FD400B90B4D /* UIView+Extension.swift in Sources */,
				3F754029271D672600F9092E /* UIScreen+Extension.swift in Sources */,
				3F22541E27327B340002F135 /* PublicCommentFooterView.swift in Sources */,
				3FB49E7027245F5A00B9809D /* PhotoViewerViewController.swift in Sources */,
				3F9547B02722D72F004E8249 /* UITextField+Extension.swift in Sources */,
				3F2254282732EEAC0002F135 /* PrivateCommentFooterView.swift in Sources */,
				3F22540F273106220002F135 /* ApplyList.swift in Sources */,
				3FB49E6E2724375400B9809D /* NewConversationViewController.swift in Sources */,
				3FD82C63272686260055C33E /* ChatRoomList.swift in Sources */,
				3F0D2B10272AF91300B90B4D /* GroupEvent.swift in Sources */,
				3F0D2B0127292A4400B90B4D /* GroupEventCEPEIntroVC.swift in Sources */,
				3F2254242732E90D0002F135 /* GEPCommentCell.swift in Sources */,
				3F22542C2734D23B0002F135 /* SignInViewContoller.swift in Sources */,
				3F0D2AFB2729267700B90B4D /* GroupEventCEPETimeVC.swift in Sources */,
				3F0D2B0E2729AAB400B90B4D /* GEDetailPageCell.swift in Sources */,
				3F0D2AF82728FAC700B90B4D /* GroupEventCEPENameVC.swift in Sources */,
				3FB49E6A2724177B00B9809D /* ChatRoomViewController.swift in Sources */,
			);
			runOnlyForDeploymentPostprocessing = 0;
		};
/* End PBXSourcesBuildPhase section */

/* Begin PBXVariantGroup section */
		3F754012271D1EA800F9092E /* Main.storyboard */ = {
			isa = PBXVariantGroup;
			children = (
				3F754013271D1EA800F9092E /* Base */,
			);
			name = Main.storyboard;
			sourceTree = "<group>";
		};
		3F754017271D1EAB00F9092E /* LaunchScreen.storyboard */ = {
			isa = PBXVariantGroup;
			children = (
				3F754018271D1EAB00F9092E /* Base */,
			);
			name = LaunchScreen.storyboard;
			sourceTree = "<group>";
		};
/* End PBXVariantGroup section */

/* Begin XCBuildConfiguration section */
		3F75401B271D1EAB00F9092E /* Debug */ = {
			isa = XCBuildConfiguration;
			buildSettings = {
				ALWAYS_SEARCH_USER_PATHS = NO;
				CLANG_ANALYZER_NONNULL = YES;
				CLANG_ANALYZER_NUMBER_OBJECT_CONVERSION = YES_AGGRESSIVE;
				CLANG_CXX_LANGUAGE_STANDARD = "gnu++17";
				CLANG_CXX_LIBRARY = "libc++";
				CLANG_ENABLE_MODULES = YES;
				CLANG_ENABLE_OBJC_ARC = YES;
				CLANG_ENABLE_OBJC_WEAK = YES;
				CLANG_WARN_BLOCK_CAPTURE_AUTORELEASING = YES;
				CLANG_WARN_BOOL_CONVERSION = YES;
				CLANG_WARN_COMMA = YES;
				CLANG_WARN_CONSTANT_CONVERSION = YES;
				CLANG_WARN_DEPRECATED_OBJC_IMPLEMENTATIONS = YES;
				CLANG_WARN_DIRECT_OBJC_ISA_USAGE = YES_ERROR;
				CLANG_WARN_DOCUMENTATION_COMMENTS = YES;
				CLANG_WARN_EMPTY_BODY = YES;
				CLANG_WARN_ENUM_CONVERSION = YES;
				CLANG_WARN_INFINITE_RECURSION = YES;
				CLANG_WARN_INT_CONVERSION = YES;
				CLANG_WARN_NON_LITERAL_NULL_CONVERSION = YES;
				CLANG_WARN_OBJC_IMPLICIT_RETAIN_SELF = YES;
				CLANG_WARN_OBJC_LITERAL_CONVERSION = YES;
				CLANG_WARN_OBJC_ROOT_CLASS = YES_ERROR;
				CLANG_WARN_QUOTED_INCLUDE_IN_FRAMEWORK_HEADER = YES;
				CLANG_WARN_RANGE_LOOP_ANALYSIS = YES;
				CLANG_WARN_STRICT_PROTOTYPES = YES;
				CLANG_WARN_SUSPICIOUS_MOVE = YES;
				CLANG_WARN_UNGUARDED_AVAILABILITY = YES_AGGRESSIVE;
				CLANG_WARN_UNREACHABLE_CODE = YES;
				CLANG_WARN__DUPLICATE_METHOD_MATCH = YES;
				COPY_PHASE_STRIP = NO;
				DEBUG_INFORMATION_FORMAT = dwarf;
				ENABLE_STRICT_OBJC_MSGSEND = YES;
				ENABLE_TESTABILITY = YES;
				"EXCLUDED_ARCHS[sdk=iphonesimulator*]" = arm64;
				GCC_C_LANGUAGE_STANDARD = gnu11;
				GCC_DYNAMIC_NO_PIC = NO;
				GCC_NO_COMMON_BLOCKS = YES;
				GCC_OPTIMIZATION_LEVEL = 0;
				GCC_PREPROCESSOR_DEFINITIONS = (
					"DEBUG=1",
					"$(inherited)",
				);
				GCC_WARN_64_TO_32_BIT_CONVERSION = YES;
				GCC_WARN_ABOUT_RETURN_TYPE = YES_ERROR;
				GCC_WARN_UNDECLARED_SELECTOR = YES;
				GCC_WARN_UNINITIALIZED_AUTOS = YES_AGGRESSIVE;
				GCC_WARN_UNUSED_FUNCTION = YES;
				GCC_WARN_UNUSED_VARIABLE = YES;
				IPHONEOS_DEPLOYMENT_TARGET = 13.0;
				MTL_ENABLE_DEBUG_INFO = INCLUDE_SOURCE;
				MTL_FAST_MATH = YES;
				ONLY_ACTIVE_ARCH = YES;
				SDKROOT = iphoneos;
				SWIFT_ACTIVE_COMPILATION_CONDITIONS = DEBUG;
				SWIFT_OPTIMIZATION_LEVEL = "-Onone";
			};
			name = Debug;
		};
		3F75401C271D1EAB00F9092E /* Release */ = {
			isa = XCBuildConfiguration;
			buildSettings = {
				ALWAYS_SEARCH_USER_PATHS = NO;
				CLANG_ANALYZER_NONNULL = YES;
				CLANG_ANALYZER_NUMBER_OBJECT_CONVERSION = YES_AGGRESSIVE;
				CLANG_CXX_LANGUAGE_STANDARD = "gnu++17";
				CLANG_CXX_LIBRARY = "libc++";
				CLANG_ENABLE_MODULES = YES;
				CLANG_ENABLE_OBJC_ARC = YES;
				CLANG_ENABLE_OBJC_WEAK = YES;
				CLANG_WARN_BLOCK_CAPTURE_AUTORELEASING = YES;
				CLANG_WARN_BOOL_CONVERSION = YES;
				CLANG_WARN_COMMA = YES;
				CLANG_WARN_CONSTANT_CONVERSION = YES;
				CLANG_WARN_DEPRECATED_OBJC_IMPLEMENTATIONS = YES;
				CLANG_WARN_DIRECT_OBJC_ISA_USAGE = YES_ERROR;
				CLANG_WARN_DOCUMENTATION_COMMENTS = YES;
				CLANG_WARN_EMPTY_BODY = YES;
				CLANG_WARN_ENUM_CONVERSION = YES;
				CLANG_WARN_INFINITE_RECURSION = YES;
				CLANG_WARN_INT_CONVERSION = YES;
				CLANG_WARN_NON_LITERAL_NULL_CONVERSION = YES;
				CLANG_WARN_OBJC_IMPLICIT_RETAIN_SELF = YES;
				CLANG_WARN_OBJC_LITERAL_CONVERSION = YES;
				CLANG_WARN_OBJC_ROOT_CLASS = YES_ERROR;
				CLANG_WARN_QUOTED_INCLUDE_IN_FRAMEWORK_HEADER = YES;
				CLANG_WARN_RANGE_LOOP_ANALYSIS = YES;
				CLANG_WARN_STRICT_PROTOTYPES = YES;
				CLANG_WARN_SUSPICIOUS_MOVE = YES;
				CLANG_WARN_UNGUARDED_AVAILABILITY = YES_AGGRESSIVE;
				CLANG_WARN_UNREACHABLE_CODE = YES;
				CLANG_WARN__DUPLICATE_METHOD_MATCH = YES;
				COPY_PHASE_STRIP = NO;
				DEBUG_INFORMATION_FORMAT = "dwarf-with-dsym";
				ENABLE_NS_ASSERTIONS = NO;
				ENABLE_STRICT_OBJC_MSGSEND = YES;
				GCC_C_LANGUAGE_STANDARD = gnu11;
				GCC_NO_COMMON_BLOCKS = YES;
				GCC_WARN_64_TO_32_BIT_CONVERSION = YES;
				GCC_WARN_ABOUT_RETURN_TYPE = YES_ERROR;
				GCC_WARN_UNDECLARED_SELECTOR = YES;
				GCC_WARN_UNINITIALIZED_AUTOS = YES_AGGRESSIVE;
				GCC_WARN_UNUSED_FUNCTION = YES;
				GCC_WARN_UNUSED_VARIABLE = YES;
				IPHONEOS_DEPLOYMENT_TARGET = 13.0;
				MTL_ENABLE_DEBUG_INFO = NO;
				MTL_FAST_MATH = YES;
				SDKROOT = iphoneos;
				SWIFT_COMPILATION_MODE = wholemodule;
				SWIFT_OPTIMIZATION_LEVEL = "-O";
				VALIDATE_PRODUCT = YES;
			};
			name = Release;
		};
		3F75401E271D1EAB00F9092E /* Debug */ = {
			isa = XCBuildConfiguration;
			baseConfigurationReference = 8A7DA42E786D98BD14C5D2F8 /* Pods-Roland.debug.xcconfig */;
			buildSettings = {
				ASSETCATALOG_COMPILER_APPICON_NAME = AppIcon;
				ASSETCATALOG_COMPILER_GLOBAL_ACCENT_COLOR_NAME = AccentColor;
				CODE_SIGN_ENTITLEMENTS = Roland/Roland.entitlements;
				CODE_SIGN_STYLE = Automatic;
				CURRENT_PROJECT_VERSION = 1;
				DEVELOPMENT_TEAM = GVM3XCMPNR;
				"EXCLUDED_ARCHS[sdk=iphonesimulator*]" = arm64;
				GENERATE_INFOPLIST_FILE = YES;
				INFOPLIST_FILE = Roland/Info.plist;
				INFOPLIST_KEY_NSCameraUsageDescription = "APP需要取用您的相機";
				INFOPLIST_KEY_NSPhotoLibraryUsageDescription = "APP需要取用您的相簿";
				INFOPLIST_KEY_UIApplicationSupportsIndirectInputEvents = YES;
				INFOPLIST_KEY_UILaunchStoryboardName = LaunchScreen;
				INFOPLIST_KEY_UIMainStoryboardFile = Main;
				INFOPLIST_KEY_UISupportedInterfaceOrientations_iPad = "UIInterfaceOrientationPortrait UIInterfaceOrientationPortraitUpsideDown UIInterfaceOrientationLandscapeLeft UIInterfaceOrientationLandscapeRight";
				INFOPLIST_KEY_UISupportedInterfaceOrientations_iPhone = "UIInterfaceOrientationPortrait UIInterfaceOrientationLandscapeLeft UIInterfaceOrientationLandscapeRight";
				LD_RUNPATH_SEARCH_PATHS = (
					"$(inherited)",
					"@executable_path/Frameworks",
				);
				MARKETING_VERSION = 0.1.1;
				PRODUCT_BUNDLE_IDENTIFIER = Willy.Roland;
				PRODUCT_NAME = "$(TARGET_NAME)";
				SWIFT_EMIT_LOC_STRINGS = YES;
				SWIFT_VERSION = 5.0;
				TARGETED_DEVICE_FAMILY = 1;
			};
			name = Debug;
		};
		3F75401F271D1EAB00F9092E /* Release */ = {
			isa = XCBuildConfiguration;
			baseConfigurationReference = BAD7F5BDB85EF8B57F1EA229 /* Pods-Roland.release.xcconfig */;
			buildSettings = {
				ASSETCATALOG_COMPILER_APPICON_NAME = AppIcon;
				ASSETCATALOG_COMPILER_GLOBAL_ACCENT_COLOR_NAME = AccentColor;
				CODE_SIGN_ENTITLEMENTS = Roland/Roland.entitlements;
				CODE_SIGN_STYLE = Automatic;
				CURRENT_PROJECT_VERSION = 1;
				DEVELOPMENT_TEAM = GVM3XCMPNR;
				GENERATE_INFOPLIST_FILE = YES;
				INFOPLIST_FILE = Roland/Info.plist;
				INFOPLIST_KEY_NSCameraUsageDescription = "APP需要取用您的相機";
				INFOPLIST_KEY_NSPhotoLibraryUsageDescription = "APP需要取用您的相簿";
				INFOPLIST_KEY_UIApplicationSupportsIndirectInputEvents = YES;
				INFOPLIST_KEY_UILaunchStoryboardName = LaunchScreen;
				INFOPLIST_KEY_UIMainStoryboardFile = Main;
				INFOPLIST_KEY_UISupportedInterfaceOrientations_iPad = "UIInterfaceOrientationPortrait UIInterfaceOrientationPortraitUpsideDown UIInterfaceOrientationLandscapeLeft UIInterfaceOrientationLandscapeRight";
				INFOPLIST_KEY_UISupportedInterfaceOrientations_iPhone = "UIInterfaceOrientationPortrait UIInterfaceOrientationLandscapeLeft UIInterfaceOrientationLandscapeRight";
				LD_RUNPATH_SEARCH_PATHS = (
					"$(inherited)",
					"@executable_path/Frameworks",
				);
				MARKETING_VERSION = 0.1.1;
				PRODUCT_BUNDLE_IDENTIFIER = Willy.Roland;
				PRODUCT_NAME = "$(TARGET_NAME)";
				SWIFT_EMIT_LOC_STRINGS = YES;
				SWIFT_VERSION = 5.0;
				TARGETED_DEVICE_FAMILY = 1;
			};
			name = Release;
		};
/* End XCBuildConfiguration section */

/* Begin XCConfigurationList section */
		3F754004271D1EA800F9092E /* Build configuration list for PBXProject "Roland" */ = {
			isa = XCConfigurationList;
			buildConfigurations = (
				3F75401B271D1EAB00F9092E /* Debug */,
				3F75401C271D1EAB00F9092E /* Release */,
			);
			defaultConfigurationIsVisible = 0;
			defaultConfigurationName = Release;
		};
		3F75401D271D1EAB00F9092E /* Build configuration list for PBXNativeTarget "Roland" */ = {
			isa = XCConfigurationList;
			buildConfigurations = (
				3F75401E271D1EAB00F9092E /* Debug */,
				3F75401F271D1EAB00F9092E /* Release */,
			);
			defaultConfigurationIsVisible = 0;
			defaultConfigurationName = Release;
		};
/* End XCConfigurationList section */
	};
	rootObject = 3F754001271D1EA800F9092E /* Project object */;
}
